{
  "name": "ekiden-ethereum-truffle-deps",
  "version": "0.2.0",
  "lockfileVersion": 1,
  "requires": true,
  "dependencies": {
    "assertion-error": {
      "version": "1.1.0",
      "resolved": "https://registry.npmjs.org/assertion-error/-/assertion-error-1.1.0.tgz",
      "integrity": "sha512-jgsaNduz+ndvGyFt3uSuWqvy4lCnIJiovtouQN5JZHOKCS2QuhEdbcQHFhVksz2N2U9hXJo8odG7ETyWlEeuDw=="
    },
    "lodash": {
      "version": "4.17.10",
      "resolved": "https://registry.npmjs.org/lodash/-/lodash-4.17.10.tgz",
      "integrity": "sha512-UejweD1pDoXu+AD825lWwp4ZGtSwgnpZxb3JDViD7StjQz+Nb/6l093lx4OQ0foGWNRoc19mWy7BzL+UAK2iVg=="
    },
    "truffle-assertions": {
      "version": "0.3.1",
      "resolved": "https://registry.npmjs.org/truffle-assertions/-/truffle-assertions-0.3.1.tgz",
      "integrity": "sha512-GexWvr2vrvWNghZs+Exii/FwMPokO8ZQP20x5p8tUOStcL5+xlKAsllnlME6yGWISRvD4UquV2BURFoW878jHQ==",
      "requires": {
        "assertion-error": "1.1.0",
        "lodash": "4.17.10"
      }
    }
  }
}
